
Microsoft Visual Studio Solution File, Format Version 12.00
# Visual Studio Version 16
VisualStudioVersion = 16.0.29020.237
MinimumVisualStudioVersion = 10.0.40219.1
Project("{FAE04EC0-301F-11D3-BF4B-00C04F79EFBC}") = "pacstestt", "pacstestt\pacstestt.csproj", "{0E3052DF-EDEE-4065-A6E4-24C364BB93B0}"
EndProject
Global
	GlobalSection(SolutionConfigurationPlatforms) = preSolution
		Debug|Any CPU = Debug|Any CPU
		Release|Any CPU = Release|Any CPU
	EndGlobalSection
	GlobalSection(ProjectConfigurationPlatforms) = postSolution
		{0E3052DF-EDEE-4065-A6E4-24C364BB93B0}.Debug|Any CPU.ActiveCfg = Debug|Any CPU
		{0E3052DF-EDEE-4065-A6E4-24C364BB93B0}.Debug|Any CPU.Build.0 = Debug|Any CPU
		{0E3052DF-EDEE-4065-A6E4-24C364BB93B0}.Release|Any CPU.ActiveCfg = Release|Any CPU
		{0E3052DF-EDEE-4065-A6E4-24C364BB93B0}.Release|Any CPU.Build.0 = Release|Any CPU
	EndGlobalSection
	GlobalSection(SolutionProperties) = preSolution
		HideSolutionNode = FALSE
	EndGlobalSection
	GlobalSection(ExtensibilityGlobals) = postSolution
		SolutionGuid = {A83F9239-7694-47CB-A575-79FE787F1DBC}
	EndGlobalSection
EndGlobal
